
Microsoft Visual Studio Solution File, Format Version 12.00
# Visual Studio 14
VisualStudioVersion = 14.0.23107.0
MinimumVisualStudioVersion = 10.0.40219.1
Project("{FAE04EC0-301F-11D3-BF4B-00C04F79EFBC}") = "ParserNVerify", "ParserNVerify\ParserNVerify.csproj", "{1A22FDA8-5332-4F9F-922C-516239B99FB0}"
EndProject
Project("{FAE04EC0-301F-11D3-BF4B-00C04F79EFBC}") = "TestConsole", "TestConsole\TestConsole.csproj", "{38BC98C9-C27C-4E18-8F09-7AACCB1E7B90}"
EndProject
Project("{FAE04EC0-301F-11D3-BF4B-00C04F79EFBC}") = "DBLayer", "DBLayer\DBLayer.csproj", "{B0056FCF-8752-4E4D-92E8-CC016DF6DB8C}"
EndProject
Project("{FAE04EC0-301F-11D3-BF4B-00C04F79EFBC}") = "DBLayer_UnitTest", "DBLayer_UnitTest\DBLayer_UnitTest.csproj", "{713AEE5F-FC2E-4B14-B956-263AC083C5BC}"
EndProject
Project("{FAE04EC0-301F-11D3-BF4B-00C04F79EFBC}") = "RESTApp", "RESTApp\RESTApp.csproj", "{D5BE2A31-F665-4258-AC10-F76D90B4B52E}"
EndProject
Project("{FAE04EC0-301F-11D3-BF4B-00C04F79EFBC}") = "SeleniumTestConsole", "SeleniumTestConsole\SeleniumTestConsole.csproj", "{E9310DE8-528B-49B0-B663-F0D70C6FE3F3}"
EndProject
Project("{FAE04EC0-301F-11D3-BF4B-00C04F79EFBC}") = "PDFMaker", "PDFMaker\PDFMaker.csproj", "{130E624C-C330-4CE0-B8DF-2816BA73A002}"
EndProject
Project("{A0786B88-2ADB-4C21-ABE8-AA2D79766269}") = "GoldenRuralWebsite", "GoldenRuralWebsite\GoldenRuralWebsite.phpproj", "{12A2060B-92C3-4A31-8978-B62BA899E22B}"
EndProject
Global
	GlobalSection(SolutionConfigurationPlatforms) = preSolution
		Debug|Any CPU = Debug|Any CPU
		Release|Any CPU = Release|Any CPU
	EndGlobalSection
	GlobalSection(ProjectConfigurationPlatforms) = postSolution
		{1A22FDA8-5332-4F9F-922C-516239B99FB0}.Debug|Any CPU.ActiveCfg = Debug|Any CPU
		{1A22FDA8-5332-4F9F-922C-516239B99FB0}.Debug|Any CPU.Build.0 = Debug|Any CPU
		{1A22FDA8-5332-4F9F-922C-516239B99FB0}.Release|Any CPU.ActiveCfg = Release|Any CPU
		{1A22FDA8-5332-4F9F-922C-516239B99FB0}.Release|Any CPU.Build.0 = Release|Any CPU
		{38BC98C9-C27C-4E18-8F09-7AACCB1E7B90}.Debug|Any CPU.ActiveCfg = Debug|Any CPU
		{38BC98C9-C27C-4E18-8F09-7AACCB1E7B90}.Debug|Any CPU.Build.0 = Debug|Any CPU
		{38BC98C9-C27C-4E18-8F09-7AACCB1E7B90}.Release|Any CPU.ActiveCfg = Release|Any CPU
		{38BC98C9-C27C-4E18-8F09-7AACCB1E7B90}.Release|Any CPU.Build.0 = Release|Any CPU
		{B0056FCF-8752-4E4D-92E8-CC016DF6DB8C}.Debug|Any CPU.ActiveCfg = Debug|Any CPU
		{B0056FCF-8752-4E4D-92E8-CC016DF6DB8C}.Debug|Any CPU.Build.0 = Debug|Any CPU
		{B0056FCF-8752-4E4D-92E8-CC016DF6DB8C}.Release|Any CPU.ActiveCfg = Release|Any CPU
		{B0056FCF-8752-4E4D-92E8-CC016DF6DB8C}.Release|Any CPU.Build.0 = Release|Any CPU
		{713AEE5F-FC2E-4B14-B956-263AC083C5BC}.Debug|Any CPU.ActiveCfg = Debug|Any CPU
		{713AEE5F-FC2E-4B14-B956-263AC083C5BC}.Debug|Any CPU.Build.0 = Debug|Any CPU
		{713AEE5F-FC2E-4B14-B956-263AC083C5BC}.Release|Any CPU.ActiveCfg = Release|Any CPU
		{713AEE5F-FC2E-4B14-B956-263AC083C5BC}.Release|Any CPU.Build.0 = Release|Any CPU
		{D5BE2A31-F665-4258-AC10-F76D90B4B52E}.Debug|Any CPU.ActiveCfg = Debug|Any CPU
		{D5BE2A31-F665-4258-AC10-F76D90B4B52E}.Debug|Any CPU.Build.0 = Debug|Any CPU
		{D5BE2A31-F665-4258-AC10-F76D90B4B52E}.Release|Any CPU.ActiveCfg = Release|Any CPU
		{D5BE2A31-F665-4258-AC10-F76D90B4B52E}.Release|Any CPU.Build.0 = Release|Any CPU
		{E9310DE8-528B-49B0-B663-F0D70C6FE3F3}.Debug|Any CPU.ActiveCfg = Debug|Any CPU
		{E9310DE8-528B-49B0-B663-F0D70C6FE3F3}.Debug|Any CPU.Build.0 = Debug|Any CPU
		{E9310DE8-528B-49B0-B663-F0D70C6FE3F3}.Release|Any CPU.ActiveCfg = Release|Any CPU
		{E9310DE8-528B-49B0-B663-F0D70C6FE3F3}.Release|Any CPU.Build.0 = Release|Any CPU
		{130E624C-C330-4CE0-B8DF-2816BA73A002}.Debug|Any CPU.ActiveCfg = Debug|Any CPU
		{130E624C-C330-4CE0-B8DF-2816BA73A002}.Debug|Any CPU.Build.0 = Debug|Any CPU
		{130E624C-C330-4CE0-B8DF-2816BA73A002}.Release|Any CPU.ActiveCfg = Release|Any CPU
		{130E624C-C330-4CE0-B8DF-2816BA73A002}.Release|Any CPU.Build.0 = Release|Any CPU
		{12A2060B-92C3-4A31-8978-B62BA899E22B}.Debug|Any CPU.ActiveCfg = Debug|Any CPU
		{12A2060B-92C3-4A31-8978-B62BA899E22B}.Debug|Any CPU.Build.0 = Debug|Any CPU
		{12A2060B-92C3-4A31-8978-B62BA899E22B}.Release|Any CPU.ActiveCfg = Release|Any CPU
		{12A2060B-92C3-4A31-8978-B62BA899E22B}.Release|Any CPU.Build.0 = Release|Any CPU
	EndGlobalSection
	GlobalSection(SolutionProperties) = preSolution
		HideSolutionNode = FALSE
	EndGlobalSection
EndGlobal
